// !$*UTF8*$!
{
	archiveVersion = 1;
	classes = {
	};
	objectVersion = 46;
	objects = {

/* Begin PBXBuildFile section */
		A2109D721A8139E200413201 /* Stack.m in Sources */ = {isa = PBXBuildFile; fileRef = A2109D711A8139E200413201 /* Stack.m */; };
		A2368FE01A828B12006D3821 /* AddReminderViewController.m in Sources */ = {isa = PBXBuildFile; fileRef = A2368FDF1A828B12006D3821 /* AddReminderViewController.m */; };
		A245F5071A83EC270055C78F /* InterfaceController.m in Sources */ = {isa = PBXBuildFile; fileRef = A245F5061A83EC270055C78F /* InterfaceController.m */; };
		A245F50A1A83EC270055C78F /* NotificationController.m in Sources */ = {isa = PBXBuildFile; fileRef = A245F5091A83EC270055C78F /* NotificationController.m */; };
		A245F50D1A83EC270055C78F /* GlanceController.m in Sources */ = {isa = PBXBuildFile; fileRef = A245F50C1A83EC270055C78F /* GlanceController.m */; };
		A245F50F1A83EC270055C78F /* Images.xcassets in Resources */ = {isa = PBXBuildFile; fileRef = A245F50E1A83EC270055C78F /* Images.xcassets */; };
		A245F5131A83EC270055C78F /* LocationReminders WatchKit App.app in Resources */ = {isa = PBXBuildFile; fileRef = A245F5121A83EC270055C78F /* LocationReminders WatchKit App.app */; };
		A245F51B1A83EC280055C78F /* Interface.storyboard in Resources */ = {isa = PBXBuildFile; fileRef = A245F5191A83EC280055C78F /* Interface.storyboard */; };
		A245F51D1A83EC280055C78F /* Images.xcassets in Resources */ = {isa = PBXBuildFile; fileRef = A245F51C1A83EC280055C78F /* Images.xcassets */; };
		A245F5201A83EC280055C78F /* LocationReminders WatchKit Extension.appex in Embed App Extensions */ = {isa = PBXBuildFile; fileRef = A245F5001A83EC270055C78F /* LocationReminders WatchKit Extension.appex */; settings = {ATTRIBUTES = (RemoveHeadersOnCopy, ); }; };
		A245F5291A83F1220055C78F /* ReminderRowController.m in Sources */ = {isa = PBXBuildFile; fileRef = A245F5281A83F1220055C78F /* ReminderRowController.m */; };
		A24C97F71A7FE9EC00EABA52 /* main.m in Sources */ = {isa = PBXBuildFile; fileRef = A24C97F61A7FE9EC00EABA52 /* main.m */; };
		A24C97FA1A7FE9EC00EABA52 /* AppDelegate.m in Sources */ = {isa = PBXBuildFile; fileRef = A24C97F91A7FE9EC00EABA52 /* AppDelegate.m */; };
		A24C97FD1A7FE9EC00EABA52 /* ViewController.m in Sources */ = {isa = PBXBuildFile; fileRef = A24C97FC1A7FE9EC00EABA52 /* ViewController.m */; };
		A24C98001A7FE9EC00EABA52 /* Main.storyboard in Resources */ = {isa = PBXBuildFile; fileRef = A24C97FE1A7FE9EC00EABA52 /* Main.storyboard */; };
		A24C98021A7FE9EC00EABA52 /* Images.xcassets in Resources */ = {isa = PBXBuildFile; fileRef = A24C98011A7FE9EC00EABA52 /* Images.xcassets */; };
		A24C98051A7FE9EC00EABA52 /* LaunchScreen.xib in Resources */ = {isa = PBXBuildFile; fileRef = A24C98031A7FE9EC00EABA52 /* LaunchScreen.xib */; };
		A24C98111A7FE9EC00EABA52 /* LocationRemindersTests.m in Sources */ = {isa = PBXBuildFile; fileRef = A24C98101A7FE9EC00EABA52 /* LocationRemindersTests.m */; };
		A24C981C1A7FFCEF00EABA52 /* Person.m in Sources */ = {isa = PBXBuildFile; fileRef = A24C981B1A7FFCEF00EABA52 /* Person.m */; };
		A24C981F1A800AC900EABA52 /* MapViewController.m in Sources */ = {isa = PBXBuildFile; fileRef = A24C981E1A800AC900EABA52 /* MapViewController.m */; };
		A24C98211A800B7700EABA52 /* MapKit.framework in Frameworks */ = {isa = PBXBuildFile; fileRef = A24C98201A800B7700EABA52 /* MapKit.framework */; };
/* End PBXBuildFile section */

/* Begin PBXContainerItemProxy section */
		A245F5141A83EC270055C78F /* PBXContainerItemProxy */ = {
			isa = PBXContainerItemProxy;
			containerPortal = A24C97E91A7FE9EC00EABA52 /* Project object */;
			proxyType = 1;
			remoteGlobalIDString = A245F5111A83EC270055C78F;
			remoteInfo = "LocationReminders WatchKit App";
		};
		A245F51E1A83EC280055C78F /* PBXContainerItemProxy */ = {
			isa = PBXContainerItemProxy;
			containerPortal = A24C97E91A7FE9EC00EABA52 /* Project object */;
			proxyType = 1;
			remoteGlobalIDString = A245F4FF1A83EC270055C78F;
			remoteInfo = "LocationReminders WatchKit Extension";
		};
		A24C980B1A7FE9EC00EABA52 /* PBXContainerItemProxy */ = {
			isa = PBXContainerItemProxy;
			containerPortal = A24C97E91A7FE9EC00EABA52 /* Project object */;
			proxyType = 1;
			remoteGlobalIDString = A24C97F01A7FE9EC00EABA52;
			remoteInfo = LocationReminders;
		};
/* End PBXContainerItemProxy section */

/* Begin PBXCopyFilesBuildPhase section */
		A245F4D31A83D5F00055C78F /* Embed App Extensions */ = {
			isa = PBXCopyFilesBuildPhase;
			buildActionMask = 2147483647;
			dstPath = "";
			dstSubfolderSpec = 13;
			files = (
				A245F5201A83EC280055C78F /* LocationReminders WatchKit Extension.appex in Embed App Extensions */,
			);
			name = "Embed App Extensions";
			runOnlyForDeploymentPostprocessing = 0;
		};
/* End PBXCopyFilesBuildPhase section */

/* Begin PBXFileReference section */
		A2109D701A8139E200413201 /* Stack.h */ = {isa = PBXFileReference; fileEncoding = 4; lastKnownFileType = sourcecode.c.h; path = Stack.h; sourceTree = "<group>"; };
		A2109D711A8139E200413201 /* Stack.m */ = {isa = PBXFileReference; fileEncoding = 4; lastKnownFileType = sourcecode.c.objc; path = Stack.m; sourceTree = "<group>"; };
		A2368FDE1A828B12006D3821 /* AddReminderViewController.h */ = {isa = PBXFileReference; fileEncoding = 4; lastKnownFileType = sourcecode.c.h; path = AddReminderViewController.h; sourceTree = "<group>"; };
		A2368FDF1A828B12006D3821 /* AddReminderViewController.m */ = {isa = PBXFileReference; fileEncoding = 4; lastKnownFileType = sourcecode.c.objc; path = AddReminderViewController.m; sourceTree = "<group>"; };
		A245F5001A83EC270055C78F /* LocationReminders WatchKit Extension.appex */ = {isa = PBXFileReference; explicitFileType = "wrapper.app-extension"; includeInIndex = 0; path = "LocationReminders WatchKit Extension.appex"; sourceTree = BUILT_PRODUCTS_DIR; };
		A245F5031A83EC270055C78F /* Info.plist */ = {isa = PBXFileReference; lastKnownFileType = text.plist.xml; path = Info.plist; sourceTree = "<group>"; };
		A245F5041A83EC270055C78F /* PushNotificationPayload.apns */ = {isa = PBXFileReference; lastKnownFileType = text; path = PushNotificationPayload.apns; sourceTree = "<group>"; };
		A245F5051A83EC270055C78F /* InterfaceController.h */ = {isa = PBXFileReference; lastKnownFileType = sourcecode.c.h; path = InterfaceController.h; sourceTree = "<group>"; };
		A245F5061A83EC270055C78F /* InterfaceController.m */ = {isa = PBXFileReference; lastKnownFileType = sourcecode.c.objc; path = InterfaceController.m; sourceTree = "<group>"; };
		A245F5081A83EC270055C78F /* NotificationController.h */ = {isa = PBXFileReference; lastKnownFileType = sourcecode.c.h; path = NotificationController.h; sourceTree = "<group>"; };
		A245F5091A83EC270055C78F /* NotificationController.m */ = {isa = PBXFileReference; lastKnownFileType = sourcecode.c.objc; path = NotificationController.m; sourceTree = "<group>"; };
		A245F50B1A83EC270055C78F /* GlanceController.h */ = {isa = PBXFileReference; lastKnownFileType = sourcecode.c.h; path = GlanceController.h; sourceTree = "<group>"; };
		A245F50C1A83EC270055C78F /* GlanceController.m */ = {isa = PBXFileReference; lastKnownFileType = sourcecode.c.objc; path = GlanceController.m; sourceTree = "<group>"; };
		A245F50E1A83EC270055C78F /* Images.xcassets */ = {isa = PBXFileReference; lastKnownFileType = folder.assetcatalog; path = Images.xcassets; sourceTree = "<group>"; };
		A245F5121A83EC270055C78F /* LocationReminders WatchKit App.app */ = {isa = PBXFileReference; explicitFileType = wrapper.application; includeInIndex = 0; path = "LocationReminders WatchKit App.app"; sourceTree = BUILT_PRODUCTS_DIR; };
		A245F5181A83EC280055C78F /* Info.plist */ = {isa = PBXFileReference; lastKnownFileType = text.plist.xml; path = Info.plist; sourceTree = "<group>"; };
		A245F51A1A83EC280055C78F /* Base */ = {isa = PBXFileReference; lastKnownFileType = file.storyboard; name = Base; path = Base.lproj/Interface.storyboard; sourceTree = "<group>"; };
		A245F51C1A83EC280055C78F /* Images.xcassets */ = {isa = PBXFileReference; lastKnownFileType = folder.assetcatalog; path = Images.xcassets; sourceTree = "<group>"; };
		A245F5271A83F1220055C78F /* ReminderRowController.h */ = {isa = PBXFileReference; fileEncoding = 4; lastKnownFileType = sourcecode.c.h; name = ReminderRowController.h; path = "../LocationReminders WatchKit App/ReminderRowController.h"; sourceTree = "<group>"; };
		A245F5281A83F1220055C78F /* ReminderRowController.m */ = {isa = PBXFileReference; fileEncoding = 4; lastKnownFileType = sourcecode.c.objc; name = ReminderRowController.m; path = "../LocationReminders WatchKit App/ReminderRowController.m"; sourceTree = "<group>"; };
		A24C97F11A7FE9EC00EABA52 /* LocationReminders.app */ = {isa = PBXFileReference; explicitFileType = wrapper.application; includeInIndex = 0; path = LocationReminders.app; sourceTree = BUILT_PRODUCTS_DIR; };
		A24C97F51A7FE9EC00EABA52 /* Info.plist */ = {isa = PBXFileReference; lastKnownFileType = text.plist.xml; path = Info.plist; sourceTree = "<group>"; };
		A24C97F61A7FE9EC00EABA52 /* main.m */ = {isa = PBXFileReference; lastKnownFileType = sourcecode.c.objc; path = main.m; sourceTree = "<group>"; };
		A24C97F81A7FE9EC00EABA52 /* AppDelegate.h */ = {isa = PBXFileReference; lastKnownFileType = sourcecode.c.h; path = AppDelegate.h; sourceTree = "<group>"; };
		A24C97F91A7FE9EC00EABA52 /* AppDelegate.m */ = {isa = PBXFileReference; lastKnownFileType = sourcecode.c.objc; path = AppDelegate.m; sourceTree = "<group>"; };
		A24C97FB1A7FE9EC00EABA52 /* ViewController.h */ = {isa = PBXFileReference; lastKnownFileType = sourcecode.c.h; path = ViewController.h; sourceTree = "<group>"; };
		A24C97FC1A7FE9EC00EABA52 /* ViewController.m */ = {isa = PBXFileReference; lastKnownFileType = sourcecode.c.objc; path = ViewController.m; sourceTree = "<group>"; };
		A24C97FF1A7FE9EC00EABA52 /* Base */ = {isa = PBXFileReference; lastKnownFileType = file.storyboard; name = Base; path = Base.lproj/Main.storyboard; sourceTree = "<group>"; };
		A24C98011A7FE9EC00EABA52 /* Images.xcassets */ = {isa = PBXFileReference; lastKnownFileType = folder.assetcatalog; path = Images.xcassets; sourceTree = "<group>"; };
		A24C98041A7FE9EC00EABA52 /* Base */ = {isa = PBXFileReference; lastKnownFileType = file.xib; name = Base; path = Base.lproj/LaunchScreen.xib; sourceTree = "<group>"; };
		A24C980A1A7FE9EC00EABA52 /* LocationRemindersTests.xctest */ = {isa = PBXFileReference; explicitFileType = wrapper.cfbundle; includeInIndex = 0; path = LocationRemindersTests.xctest; sourceTree = BUILT_PRODUCTS_DIR; };
		A24C980F1A7FE9EC00EABA52 /* Info.plist */ = {isa = PBXFileReference; lastKnownFileType = text.plist.xml; path = Info.plist; sourceTree = "<group>"; };
		A24C98101A7FE9EC00EABA52 /* LocationRemindersTests.m */ = {isa = PBXFileReference; lastKnownFileType = sourcecode.c.objc; path = LocationRemindersTests.m; sourceTree = "<group>"; };
		A24C981A1A7FFCEF00EABA52 /* Person.h */ = {isa = PBXFileReference; fileEncoding = 4; lastKnownFileType = sourcecode.c.h; path = Person.h; sourceTree = "<group>"; };
		A24C981B1A7FFCEF00EABA52 /* Person.m */ = {isa = PBXFileReference; fileEncoding = 4; lastKnownFileType = sourcecode.c.objc; path = Person.m; sourceTree = "<group>"; };
		A24C981D1A800AC900EABA52 /* MapViewController.h */ = {isa = PBXFileReference; fileEncoding = 4; lastKnownFileType = sourcecode.c.h; path = MapViewController.h; sourceTree = "<group>"; };
		A24C981E1A800AC900EABA52 /* MapViewController.m */ = {isa = PBXFileReference; fileEncoding = 4; lastKnownFileType = sourcecode.c.objc; path = MapViewController.m; sourceTree = "<group>"; };
		A24C98201A800B7700EABA52 /* MapKit.framework */ = {isa = PBXFileReference; lastKnownFileType = wrapper.framework; name = MapKit.framework; path = System/Library/Frameworks/MapKit.framework; sourceTree = SDKROOT; };
/* End PBXFileReference section */

/* Begin PBXFrameworksBuildPhase section */
		A245F4FD1A83EC270055C78F /* Frameworks */ = {
			isa = PBXFrameworksBuildPhase;
			buildActionMask = 2147483647;
			files = (
			);
			runOnlyForDeploymentPostprocessing = 0;
		};
		A24C97EE1A7FE9EC00EABA52 /* Frameworks */ = {
			isa = PBXFrameworksBuildPhase;
			buildActionMask = 2147483647;
			files = (
				A24C98211A800B7700EABA52 /* MapKit.framework in Frameworks */,
			);
			runOnlyForDeploymentPostprocessing = 0;
		};
		A24C98071A7FE9EC00EABA52 /* Frameworks */ = {
			isa = PBXFrameworksBuildPhase;
			buildActionMask = 2147483647;
			files = (
			);
			runOnlyForDeploymentPostprocessing = 0;
		};
/* End PBXFrameworksBuildPhase section */

/* Begin PBXGroup section */
		A245F5011A83EC270055C78F /* LocationReminders WatchKit Extension */ = {
			isa = PBXGroup;
			children = (
				A245F5051A83EC270055C78F /* InterfaceController.h */,
				A245F5061A83EC270055C78F /* InterfaceController.m */,
				A245F5081A83EC270055C78F /* NotificationController.h */,
				A245F5091A83EC270055C78F /* NotificationController.m */,
				A245F5271A83F1220055C78F /* ReminderRowController.h */,
				A245F5281A83F1220055C78F /* ReminderRowController.m */,
				A245F50B1A83EC270055C78F /* GlanceController.h */,
				A245F50C1A83EC270055C78F /* GlanceController.m */,
				A245F50E1A83EC270055C78F /* Images.xcassets */,
				A245F5021A83EC270055C78F /* Supporting Files */,
			);
			path = "LocationReminders WatchKit Extension";
			sourceTree = "<group>";
		};
		A245F5021A83EC270055C78F /* Supporting Files */ = {
			isa = PBXGroup;
			children = (
				A245F5031A83EC270055C78F /* Info.plist */,
				A245F5041A83EC270055C78F /* PushNotificationPayload.apns */,
			);
			name = "Supporting Files";
			sourceTree = "<group>";
		};
		A245F5161A83EC270055C78F /* LocationReminders WatchKit App */ = {
			isa = PBXGroup;
			children = (
				A245F5191A83EC280055C78F /* Interface.storyboard */,
				A245F51C1A83EC280055C78F /* Images.xcassets */,
				A245F5171A83EC280055C78F /* Supporting Files */,
			);
			path = "LocationReminders WatchKit App";
			sourceTree = "<group>";
		};
		A245F5171A83EC280055C78F /* Supporting Files */ = {
			isa = PBXGroup;
			children = (
				A245F5181A83EC280055C78F /* Info.plist */,
			);
			name = "Supporting Files";
			sourceTree = "<group>";
		};
		A24C97E81A7FE9EC00EABA52 = {
			isa = PBXGroup;
			children = (
				A24C98201A800B7700EABA52 /* MapKit.framework */,
				A24C97F31A7FE9EC00EABA52 /* LocationReminders */,
				A24C980D1A7FE9EC00EABA52 /* LocationRemindersTests */,
				A245F5011A83EC270055C78F /* LocationReminders WatchKit Extension */,
				A245F5161A83EC270055C78F /* LocationReminders WatchKit App */,
				A24C97F21A7FE9EC00EABA52 /* Products */,
			);
			sourceTree = "<group>";
		};
		A24C97F21A7FE9EC00EABA52 /* Products */ = {
			isa = PBXGroup;
			children = (
				A24C97F11A7FE9EC00EABA52 /* LocationReminders.app */,
				A24C980A1A7FE9EC00EABA52 /* LocationRemindersTests.xctest */,
				A245F5001A83EC270055C78F /* LocationReminders WatchKit Extension.appex */,
				A245F5121A83EC270055C78F /* LocationReminders WatchKit App.app */,
			);
			name = Products;
			sourceTree = "<group>";
		};
		A24C97F31A7FE9EC00EABA52 /* LocationReminders */ = {
			isa = PBXGroup;
			children = (
				A24C97F81A7FE9EC00EABA52 /* AppDelegate.h */,
				A24C97F91A7FE9EC00EABA52 /* AppDelegate.m */,
				A24C97FB1A7FE9EC00EABA52 /* ViewController.h */,
				A24C97FC1A7FE9EC00EABA52 /* ViewController.m */,
				A24C981A1A7FFCEF00EABA52 /* Person.h */,
				A24C981B1A7FFCEF00EABA52 /* Person.m */,
				A24C981D1A800AC900EABA52 /* MapViewController.h */,
				A24C981E1A800AC900EABA52 /* MapViewController.m */,
				A2368FDE1A828B12006D3821 /* AddReminderViewController.h */,
				A2368FDF1A828B12006D3821 /* AddReminderViewController.m */,
				A24C97FE1A7FE9EC00EABA52 /* Main.storyboard */,
				A2109D701A8139E200413201 /* Stack.h */,
				A2109D711A8139E200413201 /* Stack.m */,
				A24C98011A7FE9EC00EABA52 /* Images.xcassets */,
				A24C98031A7FE9EC00EABA52 /* LaunchScreen.xib */,
				A24C97F41A7FE9EC00EABA52 /* Supporting Files */,
			);
			path = LocationReminders;
			sourceTree = "<group>";
		};
		A24C97F41A7FE9EC00EABA52 /* Supporting Files */ = {
			isa = PBXGroup;
			children = (
				A24C97F51A7FE9EC00EABA52 /* Info.plist */,
				A24C97F61A7FE9EC00EABA52 /* main.m */,
			);
			name = "Supporting Files";
			sourceTree = "<group>";
		};
		A24C980D1A7FE9EC00EABA52 /* LocationRemindersTests */ = {
			isa = PBXGroup;
			children = (
				A24C98101A7FE9EC00EABA52 /* LocationRemindersTests.m */,
				A24C980E1A7FE9EC00EABA52 /* Supporting Files */,
			);
			path = LocationRemindersTests;
			sourceTree = "<group>";
		};
		A24C980E1A7FE9EC00EABA52 /* Supporting Files */ = {
			isa = PBXGroup;
			children = (
				A24C980F1A7FE9EC00EABA52 /* Info.plist */,
			);
			name = "Supporting Files";
			sourceTree = "<group>";
		};
/* End PBXGroup section */

/* Begin PBXNativeTarget section */
		A245F4FF1A83EC270055C78F /* LocationReminders WatchKit Extension */ = {
			isa = PBXNativeTarget;
			buildConfigurationList = A245F5261A83EC280055C78F /* Build configuration list for PBXNativeTarget "LocationReminders WatchKit Extension" */;
			buildPhases = (
				A245F4FC1A83EC270055C78F /* Sources */,
				A245F4FD1A83EC270055C78F /* Frameworks */,
				A245F4FE1A83EC270055C78F /* Resources */,
			);
			buildRules = (
			);
			dependencies = (
				A245F5151A83EC270055C78F /* PBXTargetDependency */,
			);
			name = "LocationReminders WatchKit Extension";
			productName = "LocationReminders WatchKit Extension";
			productReference = A245F5001A83EC270055C78F /* LocationReminders WatchKit Extension.appex */;
			productType = "com.apple.product-type.watchkit-extension";
		};
		A245F5111A83EC270055C78F /* LocationReminders WatchKit App */ = {
			isa = PBXNativeTarget;
			buildConfigurationList = A245F5251A83EC280055C78F /* Build configuration list for PBXNativeTarget "LocationReminders WatchKit App" */;
			buildPhases = (
				A245F5101A83EC270055C78F /* Resources */,
			);
			buildRules = (
			);
			dependencies = (
			);
			name = "LocationReminders WatchKit App";
			productName = "LocationReminders WatchKit App";
			productReference = A245F5121A83EC270055C78F /* LocationReminders WatchKit App.app */;
			productType = "com.apple.product-type.application.watchapp";
		};
		A24C97F01A7FE9EC00EABA52 /* LocationReminders */ = {
			isa = PBXNativeTarget;
			buildConfigurationList = A24C98141A7FE9EC00EABA52 /* Build configuration list for PBXNativeTarget "LocationReminders" */;
			buildPhases = (
				A24C97ED1A7FE9EC00EABA52 /* Sources */,
				A24C97EE1A7FE9EC00EABA52 /* Frameworks */,
				A24C97EF1A7FE9EC00EABA52 /* Resources */,
				A245F4D31A83D5F00055C78F /* Embed App Extensions */,
			);
			buildRules = (
			);
			dependencies = (
				A245F51F1A83EC280055C78F /* PBXTargetDependency */,
			);
			name = LocationReminders;
			productName = LocationReminders;
			productReference = A24C97F11A7FE9EC00EABA52 /* LocationReminders.app */;
			productType = "com.apple.product-type.application";
		};
		A24C98091A7FE9EC00EABA52 /* LocationRemindersTests */ = {
			isa = PBXNativeTarget;
			buildConfigurationList = A24C98171A7FE9EC00EABA52 /* Build configuration list for PBXNativeTarget "LocationRemindersTests" */;
			buildPhases = (
				A24C98061A7FE9EC00EABA52 /* Sources */,
				A24C98071A7FE9EC00EABA52 /* Frameworks */,
				A24C98081A7FE9EC00EABA52 /* Resources */,
			);
			buildRules = (
			);
			dependencies = (
				A24C980C1A7FE9EC00EABA52 /* PBXTargetDependency */,
			);
			name = LocationRemindersTests;
			productName = LocationRemindersTests;
			productReference = A24C980A1A7FE9EC00EABA52 /* LocationRemindersTests.xctest */;
			productType = "com.apple.product-type.bundle.unit-test";
		};
/* End PBXNativeTarget section */

/* Begin PBXProject section */
		A24C97E91A7FE9EC00EABA52 /* Project object */ = {
			isa = PBXProject;
			attributes = {
				LastUpgradeCheck = 0610;
				ORGANIZATIONNAME = BPJ;
				TargetAttributes = {
					A245F4FF1A83EC270055C78F = {
						CreatedOnToolsVersion = 6.2;
					};
					A245F5111A83EC270055C78F = {
						CreatedOnToolsVersion = 6.2;
					};
					A24C97F01A7FE9EC00EABA52 = {
						CreatedOnToolsVersion = 6.1.1;
						SystemCapabilities = {
							com.apple.Maps.iOS = {
								enabled = 1;
							};
						};
					};
					A24C98091A7FE9EC00EABA52 = {
						CreatedOnToolsVersion = 6.1.1;
						TestTargetID = A24C97F01A7FE9EC00EABA52;
					};
				};
			};
			buildConfigurationList = A24C97EC1A7FE9EC00EABA52 /* Build configuration list for PBXProject "LocationReminders" */;
			compatibilityVersion = "Xcode 3.2";
			developmentRegion = English;
			hasScannedForEncodings = 0;
			knownRegions = (
				en,
				Base,
			);
			mainGroup = A24C97E81A7FE9EC00EABA52;
			productRefGroup = A24C97F21A7FE9EC00EABA52 /* Products */;
			projectDirPath = "";
			projectRoot = "";
			targets = (
				A24C97F01A7FE9EC00EABA52 /* LocationReminders */,
				A24C98091A7FE9EC00EABA52 /* LocationRemindersTests */,
				A245F4FF1A83EC270055C78F /* LocationReminders WatchKit Extension */,
				A245F5111A83EC270055C78F /* LocationReminders WatchKit App */,
			);
		};
/* End PBXProject section */

/* Begin PBXResourcesBuildPhase section */
		A245F4FE1A83EC270055C78F /* Resources */ = {
			isa = PBXResourcesBuildPhase;
			buildActionMask = 2147483647;
			files = (
				A245F50F1A83EC270055C78F /* Images.xcassets in Resources */,
				A245F5131A83EC270055C78F /* LocationReminders WatchKit App.app in Resources */,
			);
			runOnlyForDeploymentPostprocessing = 0;
		};
		A245F5101A83EC270055C78F /* Resources */ = {
			isa = PBXResourcesBuildPhase;
			buildActionMask = 2147483647;
			files = (
				A245F51B1A83EC280055C78F /* Interface.storyboard in Resources */,
				A245F51D1A83EC280055C78F /* Images.xcassets in Resources */,
			);
			runOnlyForDeploymentPostprocessing = 0;
		};
		A24C97EF1A7FE9EC00EABA52 /* Resources */ = {
			isa = PBXResourcesBuildPhase;
			buildActionMask = 2147483647;
			files = (
				A24C98001A7FE9EC00EABA52 /* Main.storyboard in Resources */,
				A24C98051A7FE9EC00EABA52 /* LaunchScreen.xib in Resources */,
				A24C98021A7FE9EC00EABA52 /* Images.xcassets in Resources */,
			);
			runOnlyForDeploymentPostprocessing = 0;
		};
		A24C98081A7FE9EC00EABA52 /* Resources */ = {
			isa = PBXResourcesBuildPhase;
			buildActionMask = 2147483647;
			files = (
			);
			runOnlyForDeploymentPostprocessing = 0;
		};
/* End PBXResourcesBuildPhase section */

/* Begin PBXSourcesBuildPhase section */
		A245F4FC1A83EC270055C78F /* Sources */ = {
			isa = PBXSourcesBuildPhase;
			buildActionMask = 2147483647;
			files = (
				A245F5291A83F1220055C78F /* ReminderRowController.m in Sources */,
				A245F50A1A83EC270055C78F /* NotificationController.m in Sources */,
				A245F5071A83EC270055C78F /* InterfaceController.m in Sources */,
				A245F50D1A83EC270055C78F /* GlanceController.m in Sources */,
			);
			runOnlyForDeploymentPostprocessing = 0;
		};
		A24C97ED1A7FE9EC00EABA52 /* Sources */ = {
			isa = PBXSourcesBuildPhase;
			buildActionMask = 2147483647;
			files = (
				A2368FE01A828B12006D3821 /* AddReminderViewController.m in Sources */,
				A2109D721A8139E200413201 /* Stack.m in Sources */,
				A24C97FD1A7FE9EC00EABA52 /* ViewController.m in Sources */,
				A24C97FA1A7FE9EC00EABA52 /* AppDelegate.m in Sources */,
				A24C981F1A800AC900EABA52 /* MapViewController.m in Sources */,
				A24C981C1A7FFCEF00EABA52 /* Person.m in Sources */,
				A24C97F71A7FE9EC00EABA52 /* main.m in Sources */,
			);
			runOnlyForDeploymentPostprocessing = 0;
		};
		A24C98061A7FE9EC00EABA52 /* Sources */ = {
			isa = PBXSourcesBuildPhase;
			buildActionMask = 2147483647;
			files = (
				A24C98111A7FE9EC00EABA52 /* LocationRemindersTests.m in Sources */,
			);
			runOnlyForDeploymentPostprocessing = 0;
		};
/* End PBXSourcesBuildPhase section */

/* Begin PBXTargetDependency section */
		A245F5151A83EC270055C78F /* PBXTargetDependency */ = {
			isa = PBXTargetDependency;
			target = A245F5111A83EC270055C78F /* LocationReminders WatchKit App */;
			targetProxy = A245F5141A83EC270055C78F /* PBXContainerItemProxy */;
		};
		A245F51F1A83EC280055C78F /* PBXTargetDependency */ = {
			isa = PBXTargetDependency;
			target = A245F4FF1A83EC270055C78F /* LocationReminders WatchKit Extension */;
			targetProxy = A245F51E1A83EC280055C78F /* PBXContainerItemProxy */;
		};
		A24C980C1A7FE9EC00EABA52 /* PBXTargetDependency */ = {
			isa = PBXTargetDependency;
			target = A24C97F01A7FE9EC00EABA52 /* LocationReminders */;
			targetProxy = A24C980B1A7FE9EC00EABA52 /* PBXContainerItemProxy */;
		};
/* End PBXTargetDependency section */

/* Begin PBXVariantGroup section */
		A245F5191A83EC280055C78F /* Interface.storyboard */ = {
			isa = PBXVariantGroup;
			children = (
				A245F51A1A83EC280055C78F /* Base */,
			);
			name = Interface.storyboard;
			sourceTree = "<group>";
		};
		A24C97FE1A7FE9EC00EABA52 /* Main.storyboard */ = {
			isa = PBXVariantGroup;
			children = (
				A24C97FF1A7FE9EC00EABA52 /* Base */,
			);
			name = Main.storyboard;
			sourceTree = "<group>";
		};
		A24C98031A7FE9EC00EABA52 /* LaunchScreen.xib */ = {
			isa = PBXVariantGroup;
			children = (
				A24C98041A7FE9EC00EABA52 /* Base */,
			);
			name = LaunchScreen.xib;
			sourceTree = "<group>";
		};
/* End PBXVariantGroup section */

/* Begin XCBuildConfiguration section */
		A245F5211A83EC280055C78F /* Debug */ = {
			isa = XCBuildConfiguration;
			buildSettings = {
				GCC_PREPROCESSOR_DEFINITIONS = (
					"DEBUG=1",
					"$(inherited)",
				);
				INFOPLIST_FILE = "LocationReminders WatchKit Extension/Info.plist";
				IPHONEOS_DEPLOYMENT_TARGET = 8.2;
				LD_RUNPATH_SEARCH_PATHS = "$(inherited) @executable_path/Frameworks @executable_path/../../Frameworks";
				PRODUCT_NAME = "${TARGET_NAME}";
				SKIP_INSTALL = YES;
			};
			name = Debug;
		};
		A245F5221A83EC280055C78F /* Release */ = {
			isa = XCBuildConfiguration;
			buildSettings = {
				COPY_PHASE_STRIP = NO;
				INFOPLIST_FILE = "LocationReminders WatchKit Extension/Info.plist";
				IPHONEOS_DEPLOYMENT_TARGET = 8.2;
				LD_RUNPATH_SEARCH_PATHS = "$(inherited) @executable_path/Frameworks @executable_path/../../Frameworks";
				PRODUCT_NAME = "${TARGET_NAME}";
				SKIP_INSTALL = YES;
			};
			name = Release;
		};
		A245F5231A83EC280055C78F /* Debug */ = {
			isa = XCBuildConfiguration;
			buildSettings = {
				ASSETCATALOG_COMPILER_APPICON_NAME = AppIcon;
				GCC_PREPROCESSOR_DEFINITIONS = (
					"DEBUG=1",
					"$(inherited)",
				);
				IBSC_MODULE = LocationReminders_WatchKit_Extension;
				INFOPLIST_FILE = "LocationReminders WatchKit App/Info.plist";
				IPHONEOS_DEPLOYMENT_TARGET = 8.2;
				PRODUCT_NAME = "$(TARGET_NAME)";
				SKIP_INSTALL = YES;
				TARGETED_DEVICE_FAMILY = 4;
				"TARGETED_DEVICE_FAMILY[sdk=iphonesimulator*]" = "1,4";
			};
			name = Debug;
		};
		A245F5241A83EC280055C78F /* Release */ = {
			isa = XCBuildConfiguration;
			buildSettings = {
				ASSETCATALOG_COMPILER_APPICON_NAME = AppIcon;
				COPY_PHASE_STRIP = NO;
				IBSC_MODULE = LocationReminders_WatchKit_Extension;
				INFOPLIST_FILE = "LocationReminders WatchKit App/Info.plist";
				IPHONEOS_DEPLOYMENT_TARGET = 8.2;
				PRODUCT_NAME = "$(TARGET_NAME)";
				SKIP_INSTALL = YES;
				TARGETED_DEVICE_FAMILY = 4;
				"TARGETED_DEVICE_FAMILY[sdk=iphonesimulator*]" = "1,4";
			};
			name = Release;
		};
		A24C98121A7FE9EC00EABA52 /* Debug */ = {
			isa = XCBuildConfiguration;
			buildSettings = {
				ALWAYS_SEARCH_USER_PATHS = NO;
				CLANG_CXX_LANGUAGE_STANDARD = "gnu++0x";
				CLANG_CXX_LIBRARY = "libc++";
				CLANG_ENABLE_MODULES = YES;
				CLANG_ENABLE_OBJC_ARC = YES;
				CLANG_WARN_BOOL_CONVERSION = YES;
				CLANG_WARN_CONSTANT_CONVERSION = YES;
				CLANG_WARN_DIRECT_OBJC_ISA_USAGE = YES_ERROR;
				CLANG_WARN_EMPTY_BODY = YES;
				CLANG_WARN_ENUM_CONVERSION = YES;
				CLANG_WARN_INT_CONVERSION = YES;
				CLANG_WARN_OBJC_ROOT_CLASS = YES_ERROR;
				CLANG_WARN_UNREACHABLE_CODE = YES;
				CLANG_WARN__DUPLICATE_METHOD_MATCH = YES;
				"CODE_SIGN_IDENTITY[sdk=iphoneos*]" = "iPhone Developer";
				COPY_PHASE_STRIP = NO;
				ENABLE_STRICT_OBJC_MSGSEND = YES;
				GCC_C_LANGUAGE_STANDARD = gnu99;
				GCC_DYNAMIC_NO_PIC = NO;
				GCC_OPTIMIZATION_LEVEL = 0;
				GCC_PREPROCESSOR_DEFINITIONS = (
					"DEBUG=1",
					"$(inherited)",
				);
				GCC_SYMBOLS_PRIVATE_EXTERN = NO;
				GCC_WARN_64_TO_32_BIT_CONVERSION = YES;
				GCC_WARN_ABOUT_RETURN_TYPE = YES_ERROR;
				GCC_WARN_UNDECLARED_SELECTOR = YES;
				GCC_WARN_UNINITIALIZED_AUTOS = YES_AGGRESSIVE;
				GCC_WARN_UNUSED_FUNCTION = YES;
				GCC_WARN_UNUSED_VARIABLE = YES;
				IPHONEOS_DEPLOYMENT_TARGET = 8.1;
				MTL_ENABLE_DEBUG_INFO = YES;
				ONLY_ACTIVE_ARCH = YES;
				SDKROOT = iphoneos;
				TARGETED_DEVICE_FAMILY = "1,2";
			};
			name = Debug;
		};
		A24C98131A7FE9EC00EABA52 /* Release */ = {
			isa = XCBuildConfiguration;
			buildSettings = {
				ALWAYS_SEARCH_USER_PATHS = NO;
				CLANG_CXX_LANGUAGE_STANDARD = "gnu++0x";
				CLANG_CXX_LIBRARY = "libc++";
				CLANG_ENABLE_MODULES = YES;
				CLANG_ENABLE_OBJC_ARC = YES;
				CLANG_WARN_BOOL_CONVERSION = YES;
				CLANG_WARN_CONSTANT_CONVERSION = YES;
				CLANG_WARN_DIRECT_OBJC_ISA_USAGE = YES_ERROR;
				CLANG_WARN_EMPTY_BODY = YES;
				CLANG_WARN_ENUM_CONVERSION = YES;
				CLANG_WARN_INT_CONVERSION = YES;
				CLANG_WARN_OBJC_ROOT_CLASS = YES_ERROR;
				CLANG_WARN_UNREACHABLE_CODE = YES;
				CLANG_WARN__DUPLICATE_METHOD_MATCH = YES;
				"CODE_SIGN_IDENTITY[sdk=iphoneos*]" = "iPhone Developer";
				COPY_PHASE_STRIP = YES;
				ENABLE_NS_ASSERTIONS = NO;
				ENABLE_STRICT_OBJC_MSGSEND = YES;
				GCC_C_LANGUAGE_STANDARD = gnu99;
				GCC_WARN_64_TO_32_BIT_CONVERSION = YES;
				GCC_WARN_ABOUT_RETURN_TYPE = YES_ERROR;
				GCC_WARN_UNDECLARED_SELECTOR = YES;
				GCC_WARN_UNINITIALIZED_AUTOS = YES_AGGRESSIVE;
				GCC_WARN_UNUSED_FUNCTION = YES;
				GCC_WARN_UNUSED_VARIABLE = YES;
				IPHONEOS_DEPLOYMENT_TARGET = 8.1;
				MTL_ENABLE_DEBUG_INFO = NO;
				SDKROOT = iphoneos;
				TARGETED_DEVICE_FAMILY = "1,2";
				VALIDATE_PRODUCT = YES;
			};
			name = Release;
		};
		A24C98151A7FE9EC00EABA52 /* Debug */ = {
			isa = XCBuildConfiguration;
			buildSettings = {
				ASSETCATALOG_COMPILER_APPICON_NAME = AppIcon;
				EMBEDDED_CONTENT_CONTAINS_SWIFT = YES;
				INFOPLIST_FILE = LocationReminders/Info.plist;
				LD_RUNPATH_SEARCH_PATHS = "$(inherited) @executable_path/Frameworks";
				PRODUCT_NAME = "$(TARGET_NAME)";
			};
			name = Debug;
		};
		A24C98161A7FE9EC00EABA52 /* Release */ = {
			isa = XCBuildConfiguration;
			buildSettings = {
				ASSETCATALOG_COMPILER_APPICON_NAME = AppIcon;
				EMBEDDED_CONTENT_CONTAINS_SWIFT = YES;
				INFOPLIST_FILE = LocationReminders/Info.plist;
				LD_RUNPATH_SEARCH_PATHS = "$(inherited) @executable_path/Frameworks";
				PRODUCT_NAME = "$(TARGET_NAME)";
			};
			name = Release;
		};
		A24C98181A7FE9EC00EABA52 /* Debug */ = {
			isa = XCBuildConfiguration;
			buildSettings = {
				BUNDLE_LOADER = "$(TEST_HOST)";
				FRAMEWORK_SEARCH_PATHS = (
					"$(SDKROOT)/Developer/Library/Frameworks",
					"$(inherited)",
				);
				GCC_PREPROCESSOR_DEFINITIONS = (
					"DEBUG=1",
					"$(inherited)",
				);
				INFOPLIST_FILE = LocationRemindersTests/Info.plist;
				LD_RUNPATH_SEARCH_PATHS = "$(inherited) @executable_path/Frameworks @loader_path/Frameworks";
				PRODUCT_NAME = "$(TARGET_NAME)";
				TEST_HOST = "$(BUILT_PRODUCTS_DIR)/LocationReminders.app/LocationReminders";
			};
			name = Debug;
		};
		A24C98191A7FE9EC00EABA52 /* Release */ = {
			isa = XCBuildConfiguration;
			buildSettings = {
				BUNDLE_LOADER = "$(TEST_HOST)";
				FRAMEWORK_SEARCH_PATHS = (
					"$(SDKROOT)/Developer/Library/Frameworks",
					"$(inherited)",
				);
				INFOPLIST_FILE = LocationRemindersTests/Info.plist;
				LD_RUNPATH_SEARCH_PATHS = "$(inherited) @executable_path/Frameworks @loader_path/Frameworks";
				PRODUCT_NAME = "$(TARGET_NAME)";
				TEST_HOST = "$(BUILT_PRODUCTS_DIR)/LocationReminders.app/LocationReminders";
			};
			name = Release;
		};
/* End XCBuildConfiguration section */

/* Begin XCConfigurationList section */
		A245F5251A83EC280055C78F /* Build configuration list for PBXNativeTarget "LocationReminders WatchKit App" */ = {
			isa = XCConfigurationList;
			buildConfigurations = (
				A245F5231A83EC280055C78F /* Debug */,
				A245F5241A83EC280055C78F /* Release */,
			);
			defaultConfigurationIsVisible = 0;
		};
		A245F5261A83EC280055C78F /* Build configuration list for PBXNativeTarget "LocationReminders WatchKit Extension" */ = {
			isa = XCConfigurationList;
			buildConfigurations = (
				A245F5211A83EC280055C78F /* Debug */,
				A245F5221A83EC280055C78F /* Release */,
			);
			defaultConfigurationIsVisible = 0;
		};
		A24C97EC1A7FE9EC00EABA52 /* Build configuration list for PBXProject "LocationReminders" */ = {
			isa = XCConfigurationList;
			buildConfigurations = (
				A24C98121A7FE9EC00EABA52 /* Debug */,
				A24C98131A7FE9EC00EABA52 /* Release */,
			);
			defaultConfigurationIsVisible = 0;
			defaultConfigurationName = Release;
		};
		A24C98141A7FE9EC00EABA52 /* Build configuration list for PBXNativeTarget "LocationReminders" */ = {
			isa = XCConfigurationList;
			buildConfigurations = (
				A24C98151A7FE9EC00EABA52 /* Debug */,
				A24C98161A7FE9EC00EABA52 /* Release */,
			);
			defaultConfigurationIsVisible = 0;
			defaultConfigurationName = Release;
		};
		A24C98171A7FE9EC00EABA52 /* Build configuration list for PBXNativeTarget "LocationRemindersTests" */ = {
			isa = XCConfigurationList;
			buildConfigurations = (
				A24C98181A7FE9EC00EABA52 /* Debug */,
				A24C98191A7FE9EC00EABA52 /* Release */,
			);
			defaultConfigurationIsVisible = 0;
			defaultConfigurationName = Release;
		};
/* End XCConfigurationList section */
	};
	rootObject = A24C97E91A7FE9EC00EABA52 /* Project object */;
}
