// !$*UTF8*$!
{
	archiveVersion = 1;
	classes = {
	};
	objectVersion = 46;
	objects = {

/* Begin PBXBuildFile section */
		A20EEE131A925E5700F9F34F /* main.m in Sources */ = {isa = PBXBuildFile; fileRef = A20EEE121A925E5700F9F34F /* main.m */; };
		A20EEE161A925E5700F9F34F /* AppDelegate.m in Sources */ = {isa = PBXBuildFile; fileRef = A20EEE151A925E5700F9F34F /* AppDelegate.m */; };
		A20EEE191A925E5700F9F34F /* StackOverflowClient.xcdatamodeld in Sources */ = {isa = PBXBuildFile; fileRef = A20EEE171A925E5700F9F34F /* StackOverflowClient.xcdatamodeld */; };
		A20EEE1C1A925E5700F9F34F /* ViewController.m in Sources */ = {isa = PBXBuildFile; fileRef = A20EEE1B1A925E5700F9F34F /* ViewController.m */; };
		A20EEE1F1A925E5700F9F34F /* Main.storyboard in Resources */ = {isa = PBXBuildFile; fileRef = A20EEE1D1A925E5700F9F34F /* Main.storyboard */; };
		A20EEE211A925E5700F9F34F /* Images.xcassets in Resources */ = {isa = PBXBuildFile; fileRef = A20EEE201A925E5700F9F34F /* Images.xcassets */; };
		A20EEE241A925E5700F9F34F /* LaunchScreen.xib in Resources */ = {isa = PBXBuildFile; fileRef = A20EEE221A925E5700F9F34F /* LaunchScreen.xib */; };
		A20EEE301A925E5700F9F34F /* StackOverflowClientTests.m in Sources */ = {isa = PBXBuildFile; fileRef = A20EEE2F1A925E5700F9F34F /* StackOverflowClientTests.m */; };
		A20EEE3B1A92600C00F9F34F /* BurgerContainerController.m in Sources */ = {isa = PBXBuildFile; fileRef = A20EEE3A1A92600C00F9F34F /* BurgerContainerController.m */; };
		A2783C711A93BCD50052E305 /* StackOverflowService.m in Sources */ = {isa = PBXBuildFile; fileRef = A2783C701A93BCD50052E305 /* StackOverflowService.m */; };
		A2783C741A93BE600052E305 /* SearchQuestionsViewController.m in Sources */ = {isa = PBXBuildFile; fileRef = A2783C731A93BE600052E305 /* SearchQuestionsViewController.m */; };
		A2783C771A93C4100052E305 /* Question.m in Sources */ = {isa = PBXBuildFile; fileRef = A2783C761A93C4100052E305 /* Question.m */; };
		A2783C7A1A93C7A60052E305 /* QuestionCell.m in Sources */ = {isa = PBXBuildFile; fileRef = A2783C791A93C7A60052E305 /* QuestionCell.m */; };
		A2783C7D1A93D1230052E305 /* Constants.m in Sources */ = {isa = PBXBuildFile; fileRef = A2783C7C1A93D1230052E305 /* Constants.m */; };
		A2978ADF1A9271EC0067AC8D /* MenuTableViewController.m in Sources */ = {isa = PBXBuildFile; fileRef = A2978ADE1A9271EC0067AC8D /* MenuTableViewController.m */; };
		A2978AE21A92724F0067AC8D /* WebOAuthViewController.m in Sources */ = {isa = PBXBuildFile; fileRef = A2978AE11A92724F0067AC8D /* WebOAuthViewController.m */; };
		A2D3C1931A965D58006B3707 /* BPJViewController.m in Sources */ = {isa = PBXBuildFile; fileRef = A2D3C1921A965D58006B3707 /* BPJViewController.m */; };
		A2DA18E61A9506FC00A15B3B /* ProfileViewController.m in Sources */ = {isa = PBXBuildFile; fileRef = A2DA18E51A9506FC00A15B3B /* ProfileViewController.m */; settings = {COMPILER_FLAGS = "-fno-objc-arc"; }; };
/* End PBXBuildFile section */

/* Begin PBXContainerItemProxy section */
		A20EEE2A1A925E5700F9F34F /* PBXContainerItemProxy */ = {
			isa = PBXContainerItemProxy;
			containerPortal = A20EEE051A925E5700F9F34F /* Project object */;
			proxyType = 1;
			remoteGlobalIDString = A20EEE0C1A925E5700F9F34F;
			remoteInfo = StackOverflowClient;
		};
/* End PBXContainerItemProxy section */

/* Begin PBXFileReference section */
		A20EEE0D1A925E5700F9F34F /* StackOverflowClient.app */ = {isa = PBXFileReference; explicitFileType = wrapper.application; includeInIndex = 0; path = StackOverflowClient.app; sourceTree = BUILT_PRODUCTS_DIR; };
		A20EEE111A925E5700F9F34F /* Info.plist */ = {isa = PBXFileReference; lastKnownFileType = text.plist.xml; path = Info.plist; sourceTree = "<group>"; };
		A20EEE121A925E5700F9F34F /* main.m */ = {isa = PBXFileReference; lastKnownFileType = sourcecode.c.objc; path = main.m; sourceTree = "<group>"; };
		A20EEE141A925E5700F9F34F /* AppDelegate.h */ = {isa = PBXFileReference; lastKnownFileType = sourcecode.c.h; path = AppDelegate.h; sourceTree = "<group>"; };
		A20EEE151A925E5700F9F34F /* AppDelegate.m */ = {isa = PBXFileReference; lastKnownFileType = sourcecode.c.objc; path = AppDelegate.m; sourceTree = "<group>"; };
		A20EEE181A925E5700F9F34F /* StackOverflowClient.xcdatamodel */ = {isa = PBXFileReference; lastKnownFileType = wrapper.xcdatamodel; path = StackOverflowClient.xcdatamodel; sourceTree = "<group>"; };
		A20EEE1A1A925E5700F9F34F /* ViewController.h */ = {isa = PBXFileReference; lastKnownFileType = sourcecode.c.h; path = ViewController.h; sourceTree = "<group>"; };
		A20EEE1B1A925E5700F9F34F /* ViewController.m */ = {isa = PBXFileReference; lastKnownFileType = sourcecode.c.objc; path = ViewController.m; sourceTree = "<group>"; };
		A20EEE1E1A925E5700F9F34F /* Base */ = {isa = PBXFileReference; lastKnownFileType = file.storyboard; name = Base; path = Base.lproj/Main.storyboard; sourceTree = "<group>"; };
		A20EEE201A925E5700F9F34F /* Images.xcassets */ = {isa = PBXFileReference; lastKnownFileType = folder.assetcatalog; path = Images.xcassets; sourceTree = "<group>"; };
		A20EEE231A925E5700F9F34F /* Base */ = {isa = PBXFileReference; lastKnownFileType = file.xib; name = Base; path = Base.lproj/LaunchScreen.xib; sourceTree = "<group>"; };
		A20EEE291A925E5700F9F34F /* StackOverflowClientTests.xctest */ = {isa = PBXFileReference; explicitFileType = wrapper.cfbundle; includeInIndex = 0; path = StackOverflowClientTests.xctest; sourceTree = BUILT_PRODUCTS_DIR; };
		A20EEE2E1A925E5700F9F34F /* Info.plist */ = {isa = PBXFileReference; lastKnownFileType = text.plist.xml; path = Info.plist; sourceTree = "<group>"; };
		A20EEE2F1A925E5700F9F34F /* StackOverflowClientTests.m */ = {isa = PBXFileReference; lastKnownFileType = sourcecode.c.objc; path = StackOverflowClientTests.m; sourceTree = "<group>"; };
		A20EEE391A92600C00F9F34F /* BurgerContainerController.h */ = {isa = PBXFileReference; fileEncoding = 4; lastKnownFileType = sourcecode.c.h; path = BurgerContainerController.h; sourceTree = "<group>"; };
		A20EEE3A1A92600C00F9F34F /* BurgerContainerController.m */ = {isa = PBXFileReference; fileEncoding = 4; lastKnownFileType = sourcecode.c.objc; path = BurgerContainerController.m; sourceTree = "<group>"; };
		A2783C6F1A93BCD50052E305 /* StackOverflowService.h */ = {isa = PBXFileReference; fileEncoding = 4; lastKnownFileType = sourcecode.c.h; path = StackOverflowService.h; sourceTree = "<group>"; };
		A2783C701A93BCD50052E305 /* StackOverflowService.m */ = {isa = PBXFileReference; fileEncoding = 4; lastKnownFileType = sourcecode.c.objc; path = StackOverflowService.m; sourceTree = "<group>"; };
		A2783C721A93BE600052E305 /* SearchQuestionsViewController.h */ = {isa = PBXFileReference; fileEncoding = 4; lastKnownFileType = sourcecode.c.h; path = SearchQuestionsViewController.h; sourceTree = "<group>"; };
		A2783C731A93BE600052E305 /* SearchQuestionsViewController.m */ = {isa = PBXFileReference; fileEncoding = 4; lastKnownFileType = sourcecode.c.objc; path = SearchQuestionsViewController.m; sourceTree = "<group>"; };
		A2783C751A93C4100052E305 /* Question.h */ = {isa = PBXFileReference; fileEncoding = 4; lastKnownFileType = sourcecode.c.h; path = Question.h; sourceTree = "<group>"; };
		A2783C761A93C4100052E305 /* Question.m */ = {isa = PBXFileReference; fileEncoding = 4; lastKnownFileType = sourcecode.c.objc; path = Question.m; sourceTree = "<group>"; };
		A2783C781A93C7A60052E305 /* QuestionCell.h */ = {isa = PBXFileReference; fileEncoding = 4; lastKnownFileType = sourcecode.c.h; path = QuestionCell.h; sourceTree = "<group>"; };
		A2783C791A93C7A60052E305 /* QuestionCell.m */ = {isa = PBXFileReference; fileEncoding = 4; lastKnownFileType = sourcecode.c.objc; path = QuestionCell.m; sourceTree = "<group>"; };
		A2783C7B1A93D0B70052E305 /* Constants.h */ = {isa = PBXFileReference; lastKnownFileType = sourcecode.c.h; path = Constants.h; sourceTree = "<group>"; };
		A2783C7C1A93D1230052E305 /* Constants.m */ = {isa = PBXFileReference; fileEncoding = 4; lastKnownFileType = sourcecode.c.objc; path = Constants.m; sourceTree = "<group>"; };
		A2978ADD1A9271EC0067AC8D /* MenuTableViewController.h */ = {isa = PBXFileReference; fileEncoding = 4; lastKnownFileType = sourcecode.c.h; path = MenuTableViewController.h; sourceTree = "<group>"; };
		A2978ADE1A9271EC0067AC8D /* MenuTableViewController.m */ = {isa = PBXFileReference; fileEncoding = 4; lastKnownFileType = sourcecode.c.objc; path = MenuTableViewController.m; sourceTree = "<group>"; };
		A2978AE01A92724F0067AC8D /* WebOAuthViewController.h */ = {isa = PBXFileReference; fileEncoding = 4; lastKnownFileType = sourcecode.c.h; path = WebOAuthViewController.h; sourceTree = "<group>"; };
		A2978AE11A92724F0067AC8D /* WebOAuthViewController.m */ = {isa = PBXFileReference; fileEncoding = 4; lastKnownFileType = sourcecode.c.objc; path = WebOAuthViewController.m; sourceTree = "<group>"; };
		A2D3C1911A965D58006B3707 /* BPJViewController.h */ = {isa = PBXFileReference; fileEncoding = 4; lastKnownFileType = sourcecode.c.h; path = BPJViewController.h; sourceTree = "<group>"; };
		A2D3C1921A965D58006B3707 /* BPJViewController.m */ = {isa = PBXFileReference; fileEncoding = 4; lastKnownFileType = sourcecode.c.objc; path = BPJViewController.m; sourceTree = "<group>"; };
		A2DA18E31A95026600A15B3B /* MenuPressedDelegate.h */ = {isa = PBXFileReference; fileEncoding = 4; lastKnownFileType = sourcecode.c.h; name = MenuPressedDelegate.h; path = ../MenuPressedDelegate.h; sourceTree = "<group>"; };
		A2DA18E41A9506FC00A15B3B /* ProfileViewController.h */ = {isa = PBXFileReference; fileEncoding = 4; lastKnownFileType = sourcecode.c.h; path = ProfileViewController.h; sourceTree = "<group>"; };
		A2DA18E51A9506FC00A15B3B /* ProfileViewController.m */ = {isa = PBXFileReference; fileEncoding = 4; lastKnownFileType = sourcecode.c.objc; path = ProfileViewController.m; sourceTree = "<group>"; };
/* End PBXFileReference section */

/* Begin PBXFrameworksBuildPhase section */
		A20EEE0A1A925E5700F9F34F /* Frameworks */ = {
			isa = PBXFrameworksBuildPhase;
			buildActionMask = 2147483647;
			files = (
			);
			runOnlyForDeploymentPostprocessing = 0;
		};
		A20EEE261A925E5700F9F34F /* Frameworks */ = {
			isa = PBXFrameworksBuildPhase;
			buildActionMask = 2147483647;
			files = (
			);
			runOnlyForDeploymentPostprocessing = 0;
		};
/* End PBXFrameworksBuildPhase section */

/* Begin PBXGroup section */
		A20EEE041A925E5700F9F34F = {
			isa = PBXGroup;
			children = (
				A20EEE0F1A925E5700F9F34F /* StackOverflowClient */,
				A20EEE2C1A925E5700F9F34F /* StackOverflowClientTests */,
				A20EEE0E1A925E5700F9F34F /* Products */,
			);
			sourceTree = "<group>";
		};
		A20EEE0E1A925E5700F9F34F /* Products */ = {
			isa = PBXGroup;
			children = (
				A20EEE0D1A925E5700F9F34F /* StackOverflowClient.app */,
				A20EEE291A925E5700F9F34F /* StackOverflowClientTests.xctest */,
			);
			name = Products;
			sourceTree = "<group>";
		};
		A20EEE0F1A925E5700F9F34F /* StackOverflowClient */ = {
			isa = PBXGroup;
			children = (
				A2DA18E31A95026600A15B3B /* MenuPressedDelegate.h */,
				A20EEE141A925E5700F9F34F /* AppDelegate.h */,
				A20EEE151A925E5700F9F34F /* AppDelegate.m */,
				A20EEE1A1A925E5700F9F34F /* ViewController.h */,
				A20EEE1B1A925E5700F9F34F /* ViewController.m */,
				A20EEE1D1A925E5700F9F34F /* Main.storyboard */,
				A2783C781A93C7A60052E305 /* QuestionCell.h */,
				A2783C791A93C7A60052E305 /* QuestionCell.m */,
				A20EEE391A92600C00F9F34F /* BurgerContainerController.h */,
				A20EEE3A1A92600C00F9F34F /* BurgerContainerController.m */,
				A2DA18E41A9506FC00A15B3B /* ProfileViewController.h */,
				A2DA18E51A9506FC00A15B3B /* ProfileViewController.m */,
				A2978ADD1A9271EC0067AC8D /* MenuTableViewController.h */,
				A2978ADE1A9271EC0067AC8D /* MenuTableViewController.m */,
				A2783C721A93BE600052E305 /* SearchQuestionsViewController.h */,
				A2783C731A93BE600052E305 /* SearchQuestionsViewController.m */,
				A2D3C1911A965D58006B3707 /* BPJViewController.h */,
				A2D3C1921A965D58006B3707 /* BPJViewController.m */,
				A2783C6F1A93BCD50052E305 /* StackOverflowService.h */,
				A2783C701A93BCD50052E305 /* StackOverflowService.m */,
				A2783C7B1A93D0B70052E305 /* Constants.h */,
				A2783C7C1A93D1230052E305 /* Constants.m */,
				A2783C751A93C4100052E305 /* Question.h */,
				A2783C761A93C4100052E305 /* Question.m */,
				A2978AE01A92724F0067AC8D /* WebOAuthViewController.h */,
				A2978AE11A92724F0067AC8D /* WebOAuthViewController.m */,
				A20EEE201A925E5700F9F34F /* Images.xcassets */,
				A20EEE221A925E5700F9F34F /* LaunchScreen.xib */,
				A20EEE171A925E5700F9F34F /* StackOverflowClient.xcdatamodeld */,
				A20EEE101A925E5700F9F34F /* Supporting Files */,
			);
			path = StackOverflowClient;
			sourceTree = "<group>";
		};
		A20EEE101A925E5700F9F34F /* Supporting Files */ = {
			isa = PBXGroup;
			children = (
				A20EEE111A925E5700F9F34F /* Info.plist */,
				A20EEE121A925E5700F9F34F /* main.m */,
			);
			name = "Supporting Files";
			sourceTree = "<group>";
		};
		A20EEE2C1A925E5700F9F34F /* StackOverflowClientTests */ = {
			isa = PBXGroup;
			children = (
				A20EEE2F1A925E5700F9F34F /* StackOverflowClientTests.m */,
				A20EEE2D1A925E5700F9F34F /* Supporting Files */,
			);
			path = StackOverflowClientTests;
			sourceTree = "<group>";
		};
		A20EEE2D1A925E5700F9F34F /* Supporting Files */ = {
			isa = PBXGroup;
			children = (
				A20EEE2E1A925E5700F9F34F /* Info.plist */,
			);
			name = "Supporting Files";
			sourceTree = "<group>";
		};
/* End PBXGroup section */

/* Begin PBXNativeTarget section */
		A20EEE0C1A925E5700F9F34F /* StackOverflowClient */ = {
			isa = PBXNativeTarget;
			buildConfigurationList = A20EEE331A925E5700F9F34F /* Build configuration list for PBXNativeTarget "StackOverflowClient" */;
			buildPhases = (
				A20EEE091A925E5700F9F34F /* Sources */,
				A20EEE0A1A925E5700F9F34F /* Frameworks */,
				A20EEE0B1A925E5700F9F34F /* Resources */,
			);
			buildRules = (
			);
			dependencies = (
			);
			name = StackOverflowClient;
			productName = StackOverflowClient;
			productReference = A20EEE0D1A925E5700F9F34F /* StackOverflowClient.app */;
			productType = "com.apple.product-type.application";
		};
		A20EEE281A925E5700F9F34F /* StackOverflowClientTests */ = {
			isa = PBXNativeTarget;
			buildConfigurationList = A20EEE361A925E5700F9F34F /* Build configuration list for PBXNativeTarget "StackOverflowClientTests" */;
			buildPhases = (
				A20EEE251A925E5700F9F34F /* Sources */,
				A20EEE261A925E5700F9F34F /* Frameworks */,
				A20EEE271A925E5700F9F34F /* Resources */,
			);
			buildRules = (
			);
			dependencies = (
				A20EEE2B1A925E5700F9F34F /* PBXTargetDependency */,
			);
			name = StackOverflowClientTests;
			productName = StackOverflowClientTests;
			productReference = A20EEE291A925E5700F9F34F /* StackOverflowClientTests.xctest */;
			productType = "com.apple.product-type.bundle.unit-test";
		};
/* End PBXNativeTarget section */

/* Begin PBXProject section */
		A20EEE051A925E5700F9F34F /* Project object */ = {
			isa = PBXProject;
			attributes = {
				LastUpgradeCheck = 0610;
				ORGANIZATIONNAME = BPJ;
				TargetAttributes = {
					A20EEE0C1A925E5700F9F34F = {
						CreatedOnToolsVersion = 6.1.1;
					};
					A20EEE281A925E5700F9F34F = {
						CreatedOnToolsVersion = 6.1.1;
						TestTargetID = A20EEE0C1A925E5700F9F34F;
					};
				};
			};
			buildConfigurationList = A20EEE081A925E5700F9F34F /* Build configuration list for PBXProject "StackOverflowClient" */;
			compatibilityVersion = "Xcode 3.2";
			developmentRegion = English;
			hasScannedForEncodings = 0;
			knownRegions = (
				en,
				Base,
			);
			mainGroup = A20EEE041A925E5700F9F34F;
			productRefGroup = A20EEE0E1A925E5700F9F34F /* Products */;
			projectDirPath = "";
			projectRoot = "";
			targets = (
				A20EEE0C1A925E5700F9F34F /* StackOverflowClient */,
				A20EEE281A925E5700F9F34F /* StackOverflowClientTests */,
			);
		};
/* End PBXProject section */

/* Begin PBXResourcesBuildPhase section */
		A20EEE0B1A925E5700F9F34F /* Resources */ = {
			isa = PBXResourcesBuildPhase;
			buildActionMask = 2147483647;
			files = (
				A20EEE1F1A925E5700F9F34F /* Main.storyboard in Resources */,
				A20EEE241A925E5700F9F34F /* LaunchScreen.xib in Resources */,
				A20EEE211A925E5700F9F34F /* Images.xcassets in Resources */,
			);
			runOnlyForDeploymentPostprocessing = 0;
		};
		A20EEE271A925E5700F9F34F /* Resources */ = {
			isa = PBXResourcesBuildPhase;
			buildActionMask = 2147483647;
			files = (
			);
			runOnlyForDeploymentPostprocessing = 0;
		};
/* End PBXResourcesBuildPhase section */

/* Begin PBXSourcesBuildPhase section */
		A20EEE091A925E5700F9F34F /* Sources */ = {
			isa = PBXSourcesBuildPhase;
			buildActionMask = 2147483647;
			files = (
				A2978AE21A92724F0067AC8D /* WebOAuthViewController.m in Sources */,
				A20EEE3B1A92600C00F9F34F /* BurgerContainerController.m in Sources */,
				A20EEE161A925E5700F9F34F /* AppDelegate.m in Sources */,
				A20EEE131A925E5700F9F34F /* main.m in Sources */,
				A2783C711A93BCD50052E305 /* StackOverflowService.m in Sources */,
				A20EEE1C1A925E5700F9F34F /* ViewController.m in Sources */,
				A2783C7A1A93C7A60052E305 /* QuestionCell.m in Sources */,
				A2978ADF1A9271EC0067AC8D /* MenuTableViewController.m in Sources */,
				A2783C771A93C4100052E305 /* Question.m in Sources */,
				A2DA18E61A9506FC00A15B3B /* ProfileViewController.m in Sources */,
				A2783C741A93BE600052E305 /* SearchQuestionsViewController.m in Sources */,
				A2D3C1931A965D58006B3707 /* BPJViewController.m in Sources */,
				A20EEE191A925E5700F9F34F /* StackOverflowClient.xcdatamodeld in Sources */,
				A2783C7D1A93D1230052E305 /* Constants.m in Sources */,
			);
			runOnlyForDeploymentPostprocessing = 0;
		};
		A20EEE251A925E5700F9F34F /* Sources */ = {
			isa = PBXSourcesBuildPhase;
			buildActionMask = 2147483647;
			files = (
				A20EEE301A925E5700F9F34F /* StackOverflowClientTests.m in Sources */,
			);
			runOnlyForDeploymentPostprocessing = 0;
		};
/* End PBXSourcesBuildPhase section */

/* Begin PBXTargetDependency section */
		A20EEE2B1A925E5700F9F34F /* PBXTargetDependency */ = {
			isa = PBXTargetDependency;
			target = A20EEE0C1A925E5700F9F34F /* StackOverflowClient */;
			targetProxy = A20EEE2A1A925E5700F9F34F /* PBXContainerItemProxy */;
		};
/* End PBXTargetDependency section */

/* Begin PBXVariantGroup section */
		A20EEE1D1A925E5700F9F34F /* Main.storyboard */ = {
			isa = PBXVariantGroup;
			children = (
				A20EEE1E1A925E5700F9F34F /* Base */,
			);
			name = Main.storyboard;
			sourceTree = "<group>";
		};
		A20EEE221A925E5700F9F34F /* LaunchScreen.xib */ = {
			isa = PBXVariantGroup;
			children = (
				A20EEE231A925E5700F9F34F /* Base */,
			);
			name = LaunchScreen.xib;
			sourceTree = "<group>";
		};
/* End PBXVariantGroup section */

/* Begin XCBuildConfiguration section */
		A20EEE311A925E5700F9F34F /* Debug */ = {
			isa = XCBuildConfiguration;
			buildSettings = {
				ALWAYS_SEARCH_USER_PATHS = NO;
				CLANG_CXX_LANGUAGE_STANDARD = "gnu++0x";
				CLANG_CXX_LIBRARY = "libc++";
				CLANG_ENABLE_MODULES = YES;
				CLANG_ENABLE_OBJC_ARC = YES;
				CLANG_WARN_BOOL_CONVERSION = YES;
				CLANG_WARN_CONSTANT_CONVERSION = YES;
				CLANG_WARN_DIRECT_OBJC_ISA_USAGE = YES_ERROR;
				CLANG_WARN_EMPTY_BODY = YES;
				CLANG_WARN_ENUM_CONVERSION = YES;
				CLANG_WARN_INT_CONVERSION = YES;
				CLANG_WARN_OBJC_ROOT_CLASS = YES_ERROR;
				CLANG_WARN_UNREACHABLE_CODE = YES;
				CLANG_WARN__DUPLICATE_METHOD_MATCH = YES;
				"CODE_SIGN_IDENTITY[sdk=iphoneos*]" = "iPhone Developer";
				COPY_PHASE_STRIP = NO;
				ENABLE_STRICT_OBJC_MSGSEND = YES;
				GCC_C_LANGUAGE_STANDARD = gnu99;
				GCC_DYNAMIC_NO_PIC = NO;
				GCC_OPTIMIZATION_LEVEL = 0;
				GCC_PREPROCESSOR_DEFINITIONS = (
					"DEBUG=1",
					"$(inherited)",
				);
				GCC_SYMBOLS_PRIVATE_EXTERN = NO;
				GCC_WARN_64_TO_32_BIT_CONVERSION = YES;
				GCC_WARN_ABOUT_RETURN_TYPE = YES_ERROR;
				GCC_WARN_UNDECLARED_SELECTOR = YES;
				GCC_WARN_UNINITIALIZED_AUTOS = YES_AGGRESSIVE;
				GCC_WARN_UNUSED_FUNCTION = YES;
				GCC_WARN_UNUSED_VARIABLE = YES;
				IPHONEOS_DEPLOYMENT_TARGET = 8.1;
				MTL_ENABLE_DEBUG_INFO = YES;
				ONLY_ACTIVE_ARCH = YES;
				SDKROOT = iphoneos;
				TARGETED_DEVICE_FAMILY = "1,2";
			};
			name = Debug;
		};
		A20EEE321A925E5700F9F34F /* Release */ = {
			isa = XCBuildConfiguration;
			buildSettings = {
				ALWAYS_SEARCH_USER_PATHS = NO;
				CLANG_CXX_LANGUAGE_STANDARD = "gnu++0x";
				CLANG_CXX_LIBRARY = "libc++";
				CLANG_ENABLE_MODULES = YES;
				CLANG_ENABLE_OBJC_ARC = YES;
				CLANG_WARN_BOOL_CONVERSION = YES;
				CLANG_WARN_CONSTANT_CONVERSION = YES;
				CLANG_WARN_DIRECT_OBJC_ISA_USAGE = YES_ERROR;
				CLANG_WARN_EMPTY_BODY = YES;
				CLANG_WARN_ENUM_CONVERSION = YES;
				CLANG_WARN_INT_CONVERSION = YES;
				CLANG_WARN_OBJC_ROOT_CLASS = YES_ERROR;
				CLANG_WARN_UNREACHABLE_CODE = YES;
				CLANG_WARN__DUPLICATE_METHOD_MATCH = YES;
				"CODE_SIGN_IDENTITY[sdk=iphoneos*]" = "iPhone Developer";
				COPY_PHASE_STRIP = YES;
				ENABLE_NS_ASSERTIONS = NO;
				ENABLE_STRICT_OBJC_MSGSEND = YES;
				GCC_C_LANGUAGE_STANDARD = gnu99;
				GCC_WARN_64_TO_32_BIT_CONVERSION = YES;
				GCC_WARN_ABOUT_RETURN_TYPE = YES_ERROR;
				GCC_WARN_UNDECLARED_SELECTOR = YES;
				GCC_WARN_UNINITIALIZED_AUTOS = YES_AGGRESSIVE;
				GCC_WARN_UNUSED_FUNCTION = YES;
				GCC_WARN_UNUSED_VARIABLE = YES;
				IPHONEOS_DEPLOYMENT_TARGET = 8.1;
				MTL_ENABLE_DEBUG_INFO = NO;
				SDKROOT = iphoneos;
				TARGETED_DEVICE_FAMILY = "1,2";
				VALIDATE_PRODUCT = YES;
			};
			name = Release;
		};
		A20EEE341A925E5700F9F34F /* Debug */ = {
			isa = XCBuildConfiguration;
			buildSettings = {
				ASSETCATALOG_COMPILER_APPICON_NAME = AppIcon;
				INFOPLIST_FILE = StackOverflowClient/Info.plist;
				LD_RUNPATH_SEARCH_PATHS = "$(inherited) @executable_path/Frameworks";
				PRODUCT_NAME = "$(TARGET_NAME)";
			};
			name = Debug;
		};
		A20EEE351A925E5700F9F34F /* Release */ = {
			isa = XCBuildConfiguration;
			buildSettings = {
				ASSETCATALOG_COMPILER_APPICON_NAME = AppIcon;
				INFOPLIST_FILE = StackOverflowClient/Info.plist;
				LD_RUNPATH_SEARCH_PATHS = "$(inherited) @executable_path/Frameworks";
				PRODUCT_NAME = "$(TARGET_NAME)";
			};
			name = Release;
		};
		A20EEE371A925E5700F9F34F /* Debug */ = {
			isa = XCBuildConfiguration;
			buildSettings = {
				BUNDLE_LOADER = "$(TEST_HOST)";
				FRAMEWORK_SEARCH_PATHS = (
					"$(SDKROOT)/Developer/Library/Frameworks",
					"$(inherited)",
				);
				GCC_PREPROCESSOR_DEFINITIONS = (
					"DEBUG=1",
					"$(inherited)",
				);
				INFOPLIST_FILE = StackOverflowClientTests/Info.plist;
				LD_RUNPATH_SEARCH_PATHS = "$(inherited) @executable_path/Frameworks @loader_path/Frameworks";
				PRODUCT_NAME = "$(TARGET_NAME)";
				TEST_HOST = "$(BUILT_PRODUCTS_DIR)/StackOverflowClient.app/StackOverflowClient";
			};
			name = Debug;
		};
		A20EEE381A925E5700F9F34F /* Release */ = {
			isa = XCBuildConfiguration;
			buildSettings = {
				BUNDLE_LOADER = "$(TEST_HOST)";
				FRAMEWORK_SEARCH_PATHS = (
					"$(SDKROOT)/Developer/Library/Frameworks",
					"$(inherited)",
				);
				INFOPLIST_FILE = StackOverflowClientTests/Info.plist;
				LD_RUNPATH_SEARCH_PATHS = "$(inherited) @executable_path/Frameworks @loader_path/Frameworks";
				PRODUCT_NAME = "$(TARGET_NAME)";
				TEST_HOST = "$(BUILT_PRODUCTS_DIR)/StackOverflowClient.app/StackOverflowClient";
			};
			name = Release;
		};
/* End XCBuildConfiguration section */

/* Begin XCConfigurationList section */
		A20EEE081A925E5700F9F34F /* Build configuration list for PBXProject "StackOverflowClient" */ = {
			isa = XCConfigurationList;
			buildConfigurations = (
				A20EEE311A925E5700F9F34F /* Debug */,
				A20EEE321A925E5700F9F34F /* Release */,
			);
			defaultConfigurationIsVisible = 0;
			defaultConfigurationName = Release;
		};
		A20EEE331A925E5700F9F34F /* Build configuration list for PBXNativeTarget "StackOverflowClient" */ = {
			isa = XCConfigurationList;
			buildConfigurations = (
				A20EEE341A925E5700F9F34F /* Debug */,
				A20EEE351A925E5700F9F34F /* Release */,
			);
			defaultConfigurationIsVisible = 0;
			defaultConfigurationName = Release;
		};
		A20EEE361A925E5700F9F34F /* Build configuration list for PBXNativeTarget "StackOverflowClientTests" */ = {
			isa = XCConfigurationList;
			buildConfigurations = (
				A20EEE371A925E5700F9F34F /* Debug */,
				A20EEE381A925E5700F9F34F /* Release */,
			);
			defaultConfigurationIsVisible = 0;
			defaultConfigurationName = Release;
		};
/* End XCConfigurationList section */

/* Begin XCVersionGroup section */
		A20EEE171A925E5700F9F34F /* StackOverflowClient.xcdatamodeld */ = {
			isa = XCVersionGroup;
			children = (
				A20EEE181A925E5700F9F34F /* StackOverflowClient.xcdatamodel */,
			);
			currentVersion = A20EEE181A925E5700F9F34F /* StackOverflowClient.xcdatamodel */;
			path = StackOverflowClient.xcdatamodeld;
			sourceTree = "<group>";
			versionGroupType = wrapper.xcdatamodel;
		};
/* End XCVersionGroup section */
	};
	rootObject = A20EEE051A925E5700F9F34F /* Project object */;
}
